{
  "pins" : [
    {
      "identity" : "zipfoundation",
      "kind" : "remoteSourceControl",
      "location" : "https://github.com/weichsel/ZIPFoundation.git",
      "state" : {
        "branch" : "development",
        "revision" : "3a67680966552557bf3c2e13139c0cc84a4c0bec"
      }
    }
  ],
  "version" : 2
}
